
Microsoft Visual Studio Solution File, Format Version 12.00
# Visual Studio Version 16
VisualStudioVersion = 16.0.29728.190
MinimumVisualStudioVersion = 10.0.40219.1
Project("{FAE04EC0-301F-11D3-BF4B-00C04F79EFBC}") = "LINQ_Scratchpad", "LINQ_Scratchpad\LINQ_Scratchpad.csproj", "{3D11953D-E0E2-4183-9686-3C7EF12EB4A6}"
EndProject
Global
	GlobalSection(SolutionConfigurationPlatforms) = preSolution
		Debug|Any CPU = Debug|Any CPU
		Release|Any CPU = Release|Any CPU
	EndGlobalSection
	GlobalSection(ProjectConfigurationPlatforms) = postSolution
		{3D11953D-E0E2-4183-9686-3C7EF12EB4A6}.Debug|Any CPU.ActiveCfg = Debug|Any CPU
		{3D11953D-E0E2-4183-9686-3C7EF12EB4A6}.Debug|Any CPU.Build.0 = Debug|Any CPU
		{3D11953D-E0E2-4183-9686-3C7EF12EB4A6}.Release|Any CPU.ActiveCfg = Release|Any CPU
		{3D11953D-E0E2-4183-9686-3C7EF12EB4A6}.Release|Any CPU.Build.0 = Release|Any CPU
	EndGlobalSection
	GlobalSection(SolutionProperties) = preSolution
		HideSolutionNode = FALSE
	EndGlobalSection
	GlobalSection(ExtensibilityGlobals) = postSolution
		SolutionGuid = {F2DDCFFF-359A-4B37-96DE-9E32B44D1043}
	EndGlobalSection
EndGlobal
